
Microsoft Visual Studio Solution File, Format Version 12.00
# Visual Studio Version 16
VisualStudioVersion = 16.0.29306.81
MinimumVisualStudioVersion = 10.0.40219.1
Project("{FAE04EC0-301F-11D3-BF4B-00C04F79EFBC}") = "clicker", "clicker\clicker.csproj", "{9AFFBB79-09E4-4A64-B061-E12814F8BC14}"
EndProject
Global
	GlobalSection(SolutionConfigurationPlatforms) = preSolution
		Debug|Any CPU = Debug|Any CPU
		Release|Any CPU = Release|Any CPU
	EndGlobalSection
	GlobalSection(ProjectConfigurationPlatforms) = postSolution
		{9AFFBB79-09E4-4A64-B061-E12814F8BC14}.Debug|Any CPU.ActiveCfg = Debug|Any CPU
		{9AFFBB79-09E4-4A64-B061-E12814F8BC14}.Debug|Any CPU.Build.0 = Debug|Any CPU
		{9AFFBB79-09E4-4A64-B061-E12814F8BC14}.Release|Any CPU.ActiveCfg = Release|Any CPU
		{9AFFBB79-09E4-4A64-B061-E12814F8BC14}.Release|Any CPU.Build.0 = Release|Any CPU
	EndGlobalSection
	GlobalSection(SolutionProperties) = preSolution
		HideSolutionNode = FALSE
	EndGlobalSection
	GlobalSection(ExtensibilityGlobals) = postSolution
		SolutionGuid = {DB2CC77D-89CC-42CB-9866-E9E8392DD8A6}
	EndGlobalSection
EndGlobal
